{
  "meteor": {},
  "dependencies": {
    "basePackages": {
      "jqbootstrapvalidation": {},
      "authorization": {},
      "bootstrap-3": {},
      "handlebar-helpers": {},
      "accounts-ui-bootstrap-3": {}
    },
    "packages": {
      "jqbootstrapvalidation": {
        "git": "https://github.com/nate-strauser/meteor-jqbootstrapvalidation.git",
        "tag": "v0.1.0",
        "commit": "2af4625d41a9b24311544a53790f14fa38c27b10"
      },
      "authorization": {
        "git": "https://github.com/deepwell/meteor-authorization.git",
        "tag": "v2.0.4",
        "commit": "a1e222fc2f4caf81906bb1b57dd7f6efa4a0d071"
      },
      "bootstrap-3": {
        "git": "https://github.com/mangasocial/meteor-bootstrap-3.git",
        "tag": "v3.1.1-1",
        "commit": "63dd38968828bb8963636df93e9a1c45e2dfe67e"
      },
      "handlebar-helpers": {
        "git": "https://github.com/raix/Meteor-handlebar-helpers.git",
        "tag": "v0.1.1",
        "commit": "0b407ab65e7c1ebd53d71aef0de2e2c1d21a597c"
      },
      "accounts-ui-bootstrap-3": {
        "git": "https://github.com/mangasocial/meteor-accounts-ui-bootstrap-3.git",
        "tag": "v0.3.0-1",
        "commit": "93ffa5d0e325dc7026de89f6d90c178fa04bdd3a"
      }
    }
  }
}
